<?xml version="1.0" encoding="utf-8"?>
<Project ToolsVersion="4.0" xmlns="http://schemas.microsoft.com/developer/msbuild/2003">
  <ItemGroup>
    <Filter Include="Resource Files">
      <UniqueIdentifier>{67DA6AB6-F800-4c08-8B7A-83BB121AAD01}</UniqueIdentifier>
      <Extensions>rc;ico;cur;bmp;dlg;rc2;rct;bin;rgs;gif;jpg;jpeg;jpe;resx;tiff;tif;png;wav;mfcribbon-ms</Extensions>
    </Filter>
    <Filter Include="CommonDef">
      <UniqueIdentifier>{8b42358c-cb3f-4179-80b3-caf713d262a9}</UniqueIdentifier>
    </Filter>
    <Filter Include="MainProject">
      <UniqueIdentifier>{93995380-89BD-4b04-88EB-625FBE52EBFB}</UniqueIdentifier>
      <Extensions>h;hpp;hxx;hm;inl;inc;xsd</Extensions>
    </Filter>
  </ItemGroup>
  <ItemGroup>
    <None Include="res\IRTagetRecSys.rc2">
      <Filter>Resource Files</Filter>
    </None>
    <None Include="res\IRTagetRecSysDoc.ico">
      <Filter>Resource Files</Filter>
    </None>
    <None Include="res\IRTagetRecSys.ico">
      <Filter>Resource Files</Filter>
    </None>
    <None Include="res\LOGO.bmp">
      <Filter>Resource Files</Filter>
    </None>
    <None Include="ReadMe.txt">
      <Filter>Resource Files</Filter>
    </None>
    <None Include="res\xptheme.xml">
      <Filter>Resource Files</Filter>
    </None>
    <None Include="res\Toolbar256.bmp">
      <Filter>Resource Files</Filter>
    </None>
  </ItemGroup>
  <ItemGroup>
    <ClInclude Include="IRTagetRecSys.h">
      <Filter>MainProject</Filter>
    </ClInclude>
    <ClInclude Include="stdafx.h">
      <Filter>MainProject</Filter>
    </ClInclude>
    <ClInclude Include="targetver.h">
      <Filter>MainProject</Filter>
    </ClInclude>
    <ClInclude Include="MainFrm.h">
      <Filter>MainProject</Filter>
    </ClInclude>
    <ClInclude Include="IRTagetRecSysDoc.h">
      <Filter>MainProject</Filter>
    </ClInclude>
    <ClInclude Include="IRTagetRecSysView.h">
      <Filter>MainProject</Filter>
    </ClInclude>
    <ClInclude Include="Resource.h">
      <Filter>MainProject</Filter>
    </ClInclude>
    <ClInclude Include="Dib.h">
      <Filter>CommonDef</Filter>
    </ClInclude>
    <ClInclude Include="TrackWnd.h">
      <Filter>MainProject</Filter>
    </ClInclude>
    <ClInclude Include="TrackCtrlDlg.h">
      <Filter>MainProject</Filter>
    </ClInclude>
    <ClInclude Include="DetectTrack.h">
      <Filter>MainProject</Filter>
    </ClInclude>
  </ItemGroup>
  <ItemGroup>
    <ClCompile Include="Dib.cpp">
      <Filter>CommonDef</Filter>
    </ClCompile>
    <ClCompile Include="IRTagetRecSys.cpp">
      <Filter>MainProject</Filter>
    </ClCompile>
    <ClCompile Include="IRTagetRecSysDoc.cpp">
      <Filter>MainProject</Filter>
    </ClCompile>
    <ClCompile Include="IRTagetRecSysView.cpp">
      <Filter>MainProject</Filter>
    </ClCompile>
    <ClCompile Include="MainFrm.cpp">
      <Filter>MainProject</Filter>
    </ClCompile>
    <ClCompile Include="stdafx.cpp">
      <Filter>MainProject</Filter>
    </ClCompile>
    <ClCompile Include="TrackWnd.cpp">
      <Filter>MainProject</Filter>
    </ClCompile>
    <ClCompile Include="TrackCtrlDlg.cpp">
      <Filter>MainProject</Filter>
    </ClCompile>
    <ClCompile Include="RecvStruct.cpp">
      <Filter>MainProject</Filter>
    </ClCompile>
    <ClCompile Include="DetectTrack.cpp">
      <Filter>MainProject</Filter>
    </ClCompile>
  </ItemGroup>
  <ItemGroup>
    <ResourceCompile Include="IRTagetRecSys.rc">
      <Filter>Resource Files</Filter>
    </ResourceCompile>
  </ItemGroup>
</Project>